// !$*UTF8*$!
{
	archiveVersion = 1;
	classes = {
	};
	objectVersion = 55;
	objects = {

/* Begin PBXBuildFile section */
		13C20614287D0000000EC4F6 /* AppDelegate.swift in Sources */ = {isa = PBXBuildFile; fileRef = 13C20613287D0000000EC4F6 /* AppDelegate.swift */; };
		13C20616287D0000000EC4F6 /* SceneDelegate.swift in Sources */ = {isa = PBXBuildFile; fileRef = 13C20615287D0000000EC4F6 /* SceneDelegate.swift */; };
		13C20618287D0000000EC4F6 /* ViewController.swift in Sources */ = {isa = PBXBuildFile; fileRef = 13C20617287D0000000EC4F6 /* ViewController.swift */; };
		13C2061B287D0000000EC4F6 /* Main.storyboard in Resources */ = {isa = PBXBuildFile; fileRef = 13C20619287D0000000EC4F6 /* Main.storyboard */; };
		13C2061D287D0001000EC4F6 /* Assets.xcassets in Resources */ = {isa = PBXBuildFile; fileRef = 13C2061C287D0001000EC4F6 /* Assets.xcassets */; };
		13C20620287D0001000EC4F6 /* LaunchScreen.storyboard in Resources */ = {isa = PBXBuildFile; fileRef = 13C2061E287D0001000EC4F6 /* LaunchScreen.storyboard */; };
		13C2062D287D00A9000EC4F6 /* Bitcoin.swift in Sources */ = {isa = PBXBuildFile; fileRef = 13C2062C287D00A9000EC4F6 /* Bitcoin.swift */; };
		13C2062F287D02D3000EC4F6 /* BitcoinViewModel.swift in Sources */ = {isa = PBXBuildFile; fileRef = 13C2062E287D02D3000EC4F6 /* BitcoinViewModel.swift */; };
/* End PBXBuildFile section */

/* Begin PBXFileReference section */
		13C20610287D0000000EC4F6 /* APIBitcoin.app */ = {isa = PBXFileReference; explicitFileType = wrapper.application; includeInIndex = 0; path = APIBitcoin.app; sourceTree = BUILT_PRODUCTS_DIR; };
		13C20613287D0000000EC4F6 /* AppDelegate.swift */ = {isa = PBXFileReference; lastKnownFileType = sourcecode.swift; path = AppDelegate.swift; sourceTree = "<group>"; };
		13C20615287D0000000EC4F6 /* SceneDelegate.swift */ = {isa = PBXFileReference; lastKnownFileType = sourcecode.swift; path = SceneDelegate.swift; sourceTree = "<group>"; };
		13C20617287D0000000EC4F6 /* ViewController.swift */ = {isa = PBXFileReference; lastKnownFileType = sourcecode.swift; path = ViewController.swift; sourceTree = "<group>"; };
		13C2061A287D0000000EC4F6 /* Base */ = {isa = PBXFileReference; lastKnownFileType = file.storyboard; name = Base; path = Base.lproj/Main.storyboard; sourceTree = "<group>"; };
		13C2061C287D0001000EC4F6 /* Assets.xcassets */ = {isa = PBXFileReference; lastKnownFileType = folder.assetcatalog; path = Assets.xcassets; sourceTree = "<group>"; };
		13C2061F287D0001000EC4F6 /* Base */ = {isa = PBXFileReference; lastKnownFileType = file.storyboard; name = Base; path = Base.lproj/LaunchScreen.storyboard; sourceTree = "<group>"; };
		13C20621287D0001000EC4F6 /* Info.plist */ = {isa = PBXFileReference; lastKnownFileType = text.plist.xml; path = Info.plist; sourceTree = "<group>"; };
		13C2062C287D00A9000EC4F6 /* Bitcoin.swift */ = {isa = PBXFileReference; lastKnownFileType = sourcecode.swift; path = Bitcoin.swift; sourceTree = "<group>"; };
		13C2062E287D02D3000EC4F6 /* BitcoinViewModel.swift */ = {isa = PBXFileReference; lastKnownFileType = sourcecode.swift; path = BitcoinViewModel.swift; sourceTree = "<group>"; };
/* End PBXFileReference section */

/* Begin PBXFrameworksBuildPhase section */
		13C2060D287D0000000EC4F6 /* Frameworks */ = {
			isa = PBXFrameworksBuildPhase;
			buildActionMask = 2147483647;
			files = (
			);
			runOnlyForDeploymentPostprocessing = 0;
		};
/* End PBXFrameworksBuildPhase section */

/* Begin PBXGroup section */
		13C20607287D0000000EC4F6 = {
			isa = PBXGroup;
			children = (
				13C20612287D0000000EC4F6 /* APIBitcoin */,
				13C20611287D0000000EC4F6 /* Products */,
			);
			sourceTree = "<group>";
		};
		13C20611287D0000000EC4F6 /* Products */ = {
			isa = PBXGroup;
			children = (
				13C20610287D0000000EC4F6 /* APIBitcoin.app */,
			);
			name = Products;
			sourceTree = "<group>";
		};
		13C20612287D0000000EC4F6 /* APIBitcoin */ = {
			isa = PBXGroup;
			children = (
				13C2062B287D0069000EC4F6 /* Onboarding */,
				13C2062A287D005E000EC4F6 /* Screens */,
				13C20629287D004E000EC4F6 /* ViewModel */,
				13C20628287D0046000EC4F6 /* View */,
				13C20627287D0039000EC4F6 /* Model */,
				13C20613287D0000000EC4F6 /* AppDelegate.swift */,
				13C20615287D0000000EC4F6 /* SceneDelegate.swift */,
				13C2061C287D0001000EC4F6 /* Assets.xcassets */,
				13C2061E287D0001000EC4F6 /* LaunchScreen.storyboard */,
				13C20621287D0001000EC4F6 /* Info.plist */,
			);
			path = APIBitcoin;
			sourceTree = "<group>";
		};
		13C20627287D0039000EC4F6 /* Model */ = {
			isa = PBXGroup;
			children = (
				13C2062C287D00A9000EC4F6 /* Bitcoin.swift */,
			);
			path = Model;
			sourceTree = "<group>";
		};
		13C20628287D0046000EC4F6 /* View */ = {
			isa = PBXGroup;
			children = (
				13C20617287D0000000EC4F6 /* ViewController.swift */,
			);
			path = View;
			sourceTree = "<group>";
		};
		13C20629287D004E000EC4F6 /* ViewModel */ = {
			isa = PBXGroup;
			children = (
				13C2062E287D02D3000EC4F6 /* BitcoinViewModel.swift */,
			);
			path = ViewModel;
			sourceTree = "<group>";
		};
		13C2062A287D005E000EC4F6 /* Screens */ = {
			isa = PBXGroup;
			children = (
				13C20619287D0000000EC4F6 /* Main.storyboard */,
			);
			path = Screens;
			sourceTree = "<group>";
		};
		13C2062B287D0069000EC4F6 /* Onboarding */ = {
			isa = PBXGroup;
			children = (
			);
			path = Onboarding;
			sourceTree = "<group>";
		};
/* End PBXGroup section */

/* Begin PBXNativeTarget section */
		13C2060F287D0000000EC4F6 /* APIBitcoin */ = {
			isa = PBXNativeTarget;
			buildConfigurationList = 13C20624287D0001000EC4F6 /* Build configuration list for PBXNativeTarget "APIBitcoin" */;
			buildPhases = (
				13C2060C287D0000000EC4F6 /* Sources */,
				13C2060D287D0000000EC4F6 /* Frameworks */,
				13C2060E287D0000000EC4F6 /* Resources */,
			);
			buildRules = (
			);
			dependencies = (
			);
			name = APIBitcoin;
			productName = APIBitcoin;
			productReference = 13C20610287D0000000EC4F6 /* APIBitcoin.app */;
			productType = "com.apple.product-type.application";
		};
/* End PBXNativeTarget section */

/* Begin PBXProject section */
		13C20608287D0000000EC4F6 /* Project object */ = {
			isa = PBXProject;
			attributes = {
				BuildIndependentTargetsInParallel = 1;
				LastSwiftUpdateCheck = 1330;
				LastUpgradeCheck = 1330;
				TargetAttributes = {
					13C2060F287D0000000EC4F6 = {
						CreatedOnToolsVersion = 13.3.1;
					};
				};
			};
			buildConfigurationList = 13C2060B287D0000000EC4F6 /* Build configuration list for PBXProject "APIBitcoin" */;
			compatibilityVersion = "Xcode 13.0";
			developmentRegion = en;
			hasScannedForEncodings = 0;
			knownRegions = (
				en,
				Base,
			);
			mainGroup = 13C20607287D0000000EC4F6;
			productRefGroup = 13C20611287D0000000EC4F6 /* Products */;
			projectDirPath = "";
			projectRoot = "";
			targets = (
				13C2060F287D0000000EC4F6 /* APIBitcoin */,
			);
		};
/* End PBXProject section */

/* Begin PBXResourcesBuildPhase section */
		13C2060E287D0000000EC4F6 /* Resources */ = {
			isa = PBXResourcesBuildPhase;
			buildActionMask = 2147483647;
			files = (
				13C20620287D0001000EC4F6 /* LaunchScreen.storyboard in Resources */,
				13C2061D287D0001000EC4F6 /* Assets.xcassets in Resources */,
				13C2061B287D0000000EC4F6 /* Main.storyboard in Resources */,
			);
			runOnlyForDeploymentPostprocessing = 0;
		};
/* End PBXResourcesBuildPhase section */

/* Begin PBXSourcesBuildPhase section */
		13C2060C287D0000000EC4F6 /* Sources */ = {
			isa = PBXSourcesBuildPhase;
			buildActionMask = 2147483647;
			files = (
				13C2062D287D00A9000EC4F6 /* Bitcoin.swift in Sources */,
				13C2062F287D02D3000EC4F6 /* BitcoinViewModel.swift in Sources */,
				13C20618287D0000000EC4F6 /* ViewController.swift in Sources */,
				13C20614287D0000000EC4F6 /* AppDelegate.swift in Sources */,
				13C20616287D0000000EC4F6 /* SceneDelegate.swift in Sources */,
			);
			runOnlyForDeploymentPostprocessing = 0;
		};
/* End PBXSourcesBuildPhase section */

/* Begin PBXVariantGroup section */
		13C20619287D0000000EC4F6 /* Main.storyboard */ = {
			isa = PBXVariantGroup;
			children = (
				13C2061A287D0000000EC4F6 /* Base */,
			);
			name = Main.storyboard;
			sourceTree = "<group>";
		};
		13C2061E287D0001000EC4F6 /* LaunchScreen.storyboard */ = {
			isa = PBXVariantGroup;
			children = (
				13C2061F287D0001000EC4F6 /* Base */,
			);
			name = LaunchScreen.storyboard;
			sourceTree = "<group>";
		};
/* End PBXVariantGroup section */

/* Begin XCBuildConfiguration section */
		13C20622287D0001000EC4F6 /* Debug */ = {
			isa = XCBuildConfiguration;
			buildSettings = {
				ALWAYS_SEARCH_USER_PATHS = NO;
				CLANG_ANALYZER_NONNULL = YES;
				CLANG_ANALYZER_NUMBER_OBJECT_CONVERSION = YES_AGGRESSIVE;
				CLANG_CXX_LANGUAGE_STANDARD = "gnu++17";
				CLANG_ENABLE_MODULES = YES;
				CLANG_ENABLE_OBJC_ARC = YES;
				CLANG_ENABLE_OBJC_WEAK = YES;
				CLANG_WARN_BLOCK_CAPTURE_AUTORELEASING = YES;
				CLANG_WARN_BOOL_CONVERSION = YES;
				CLANG_WARN_COMMA = YES;
				CLANG_WARN_CONSTANT_CONVERSION = YES;
				CLANG_WARN_DEPRECATED_OBJC_IMPLEMENTATIONS = YES;
				CLANG_WARN_DIRECT_OBJC_ISA_USAGE = YES_ERROR;
				CLANG_WARN_DOCUMENTATION_COMMENTS = YES;
				CLANG_WARN_EMPTY_BODY = YES;
				CLANG_WARN_ENUM_CONVERSION = YES;
				CLANG_WARN_INFINITE_RECURSION = YES;
				CLANG_WARN_INT_CONVERSION = YES;
				CLANG_WARN_NON_LITERAL_NULL_CONVERSION = YES;
				CLANG_WARN_OBJC_IMPLICIT_RETAIN_SELF = YES;
				CLANG_WARN_OBJC_LITERAL_CONVERSION = YES;
				CLANG_WARN_OBJC_ROOT_CLASS = YES_ERROR;
				CLANG_WARN_QUOTED_INCLUDE_IN_FRAMEWORK_HEADER = YES;
				CLANG_WARN_RANGE_LOOP_ANALYSIS = YES;
				CLANG_WARN_STRICT_PROTOTYPES = YES;
				CLANG_WARN_SUSPICIOUS_MOVE = YES;
				CLANG_WARN_UNGUARDED_AVAILABILITY = YES_AGGRESSIVE;
				CLANG_WARN_UNREACHABLE_CODE = YES;
				CLANG_WARN__DUPLICATE_METHOD_MATCH = YES;
				COPY_PHASE_STRIP = NO;
				DEBUG_INFORMATION_FORMAT = dwarf;
				ENABLE_STRICT_OBJC_MSGSEND = YES;
				ENABLE_TESTABILITY = YES;
				GCC_C_LANGUAGE_STANDARD = gnu11;
				GCC_DYNAMIC_NO_PIC = NO;
				GCC_NO_COMMON_BLOCKS = YES;
				GCC_OPTIMIZATION_LEVEL = 0;
				GCC_PREPROCESSOR_DEFINITIONS = (
					"DEBUG=1",
					"$(inherited)",
				);
				GCC_WARN_64_TO_32_BIT_CONVERSION = YES;
				GCC_WARN_ABOUT_RETURN_TYPE = YES_ERROR;
				GCC_WARN_UNDECLARED_SELECTOR = YES;
				GCC_WARN_UNINITIALIZED_AUTOS = YES_AGGRESSIVE;
				GCC_WARN_UNUSED_FUNCTION = YES;
				GCC_WARN_UNUSED_VARIABLE = YES;
				IPHONEOS_DEPLOYMENT_TARGET = 15.4;
				MTL_ENABLE_DEBUG_INFO = INCLUDE_SOURCE;
				MTL_FAST_MATH = YES;
				ONLY_ACTIVE_ARCH = YES;
				SDKROOT = iphoneos;
				SWIFT_ACTIVE_COMPILATION_CONDITIONS = DEBUG;
				SWIFT_OPTIMIZATION_LEVEL = "-Onone";
			};
			name = Debug;
		};
		13C20623287D0001000EC4F6 /* Release */ = {
			isa = XCBuildConfiguration;
			buildSettings = {
				ALWAYS_SEARCH_USER_PATHS = NO;
				CLANG_ANALYZER_NONNULL = YES;
				CLANG_ANALYZER_NUMBER_OBJECT_CONVERSION = YES_AGGRESSIVE;
				CLANG_CXX_LANGUAGE_STANDARD = "gnu++17";
				CLANG_ENABLE_MODULES = YES;
				CLANG_ENABLE_OBJC_ARC = YES;
				CLANG_ENABLE_OBJC_WEAK = YES;
				CLANG_WARN_BLOCK_CAPTURE_AUTORELEASING = YES;
				CLANG_WARN_BOOL_CONVERSION = YES;
				CLANG_WARN_COMMA = YES;
				CLANG_WARN_CONSTANT_CONVERSION = YES;
				CLANG_WARN_DEPRECATED_OBJC_IMPLEMENTATIONS = YES;
				CLANG_WARN_DIRECT_OBJC_ISA_USAGE = YES_ERROR;
				CLANG_WARN_DOCUMENTATION_COMMENTS = YES;
				CLANG_WARN_EMPTY_BODY = YES;
				CLANG_WARN_ENUM_CONVERSION = YES;
				CLANG_WARN_INFINITE_RECURSION = YES;
				CLANG_WARN_INT_CONVERSION = YES;
				CLANG_WARN_NON_LITERAL_NULL_CONVERSION = YES;
				CLANG_WARN_OBJC_IMPLICIT_RETAIN_SELF = YES;
				CLANG_WARN_OBJC_LITERAL_CONVERSION = YES;
				CLANG_WARN_OBJC_ROOT_CLASS = YES_ERROR;
				CLANG_WARN_QUOTED_INCLUDE_IN_FRAMEWORK_HEADER = YES;
				CLANG_WARN_RANGE_LOOP_ANALYSIS = YES;
				CLANG_WARN_STRICT_PROTOTYPES = YES;
				CLANG_WARN_SUSPICIOUS_MOVE = YES;
				CLANG_WARN_UNGUARDED_AVAILABILITY = YES_AGGRESSIVE;
				CLANG_WARN_UNREACHABLE_CODE = YES;
				CLANG_WARN__DUPLICATE_METHOD_MATCH = YES;
				COPY_PHASE_STRIP = NO;
				DEBUG_INFORMATION_FORMAT = "dwarf-with-dsym";
				ENABLE_NS_ASSERTIONS = NO;
				ENABLE_STRICT_OBJC_MSGSEND = YES;
				GCC_C_LANGUAGE_STANDARD = gnu11;
				GCC_NO_COMMON_BLOCKS = YES;
				GCC_WARN_64_TO_32_BIT_CONVERSION = YES;
				GCC_WARN_ABOUT_RETURN_TYPE = YES_ERROR;
				GCC_WARN_UNDECLARED_SELECTOR = YES;
				GCC_WARN_UNINITIALIZED_AUTOS = YES_AGGRESSIVE;
				GCC_WARN_UNUSED_FUNCTION = YES;
				GCC_WARN_UNUSED_VARIABLE = YES;
				IPHONEOS_DEPLOYMENT_TARGET = 15.4;
				MTL_ENABLE_DEBUG_INFO = NO;
				MTL_FAST_MATH = YES;
				SDKROOT = iphoneos;
				SWIFT_COMPILATION_MODE = wholemodule;
				SWIFT_OPTIMIZATION_LEVEL = "-O";
				VALIDATE_PRODUCT = YES;
			};
			name = Release;
		};
		13C20625287D0001000EC4F6 /* Debug */ = {
			isa = XCBuildConfiguration;
			buildSettings = {
				ASSETCATALOG_COMPILER_APPICON_NAME = AppIcon;
				ASSETCATALOG_COMPILER_GLOBAL_ACCENT_COLOR_NAME = AccentColor;
				CODE_SIGN_STYLE = Automatic;
				CURRENT_PROJECT_VERSION = 1;
				GENERATE_INFOPLIST_FILE = YES;
				INFOPLIST_FILE = APIBitcoin/Info.plist;
				INFOPLIST_KEY_UIApplicationSupportsIndirectInputEvents = YES;
				INFOPLIST_KEY_UILaunchStoryboardName = LaunchScreen;
				INFOPLIST_KEY_UIMainStoryboardFile = Main;
				INFOPLIST_KEY_UISupportedInterfaceOrientations_iPad = "UIInterfaceOrientationPortrait UIInterfaceOrientationPortraitUpsideDown UIInterfaceOrientationLandscapeLeft UIInterfaceOrientationLandscapeRight";
				INFOPLIST_KEY_UISupportedInterfaceOrientations_iPhone = "UIInterfaceOrientationPortrait UIInterfaceOrientationLandscapeLeft UIInterfaceOrientationLandscapeRight";
				LD_RUNPATH_SEARCH_PATHS = (
					"$(inherited)",
					"@executable_path/Frameworks",
				);
				MARKETING_VERSION = 1.0;
				PRODUCT_BUNDLE_IDENTIFIER = com.tecsup.APIBitcoin;
				PRODUCT_NAME = "$(TARGET_NAME)";
				SWIFT_EMIT_LOC_STRINGS = YES;
				SWIFT_VERSION = 5.0;
				TARGETED_DEVICE_FAMILY = "1,2";
			};
			name = Debug;
		};
		13C20626287D0001000EC4F6 /* Release */ = {
			isa = XCBuildConfiguration;
			buildSettings = {
				ASSETCATALOG_COMPILER_APPICON_NAME = AppIcon;
				ASSETCATALOG_COMPILER_GLOBAL_ACCENT_COLOR_NAME = AccentColor;
				CODE_SIGN_STYLE = Automatic;
				CURRENT_PROJECT_VERSION = 1;
				GENERATE_INFOPLIST_FILE = YES;
				INFOPLIST_FILE = APIBitcoin/Info.plist;
				INFOPLIST_KEY_UIApplicationSupportsIndirectInputEvents = YES;
				INFOPLIST_KEY_UILaunchStoryboardName = LaunchScreen;
				INFOPLIST_KEY_UIMainStoryboardFile = Main;
				INFOPLIST_KEY_UISupportedInterfaceOrientations_iPad = "UIInterfaceOrientationPortrait UIInterfaceOrientationPortraitUpsideDown UIInterfaceOrientationLandscapeLeft UIInterfaceOrientationLandscapeRight";
				INFOPLIST_KEY_UISupportedInterfaceOrientations_iPhone = "UIInterfaceOrientationPortrait UIInterfaceOrientationLandscapeLeft UIInterfaceOrientationLandscapeRight";
				LD_RUNPATH_SEARCH_PATHS = (
					"$(inherited)",
					"@executable_path/Frameworks",
				);
				MARKETING_VERSION = 1.0;
				PRODUCT_BUNDLE_IDENTIFIER = com.tecsup.APIBitcoin;
				PRODUCT_NAME = "$(TARGET_NAME)";
				SWIFT_EMIT_LOC_STRINGS = YES;
				SWIFT_VERSION = 5.0;
				TARGETED_DEVICE_FAMILY = "1,2";
			};
			name = Release;
		};
/* End XCBuildConfiguration section */

/* Begin XCConfigurationList section */
		13C2060B287D0000000EC4F6 /* Build configuration list for PBXProject "APIBitcoin" */ = {
			isa = XCConfigurationList;
			buildConfigurations = (
				13C20622287D0001000EC4F6 /* Debug */,
				13C20623287D0001000EC4F6 /* Release */,
			);
			defaultConfigurationIsVisible = 0;
			defaultConfigurationName = Release;
		};
		13C20624287D0001000EC4F6 /* Build configuration list for PBXNativeTarget "APIBitcoin" */ = {
			isa = XCConfigurationList;
			buildConfigurations = (
				13C20625287D0001000EC4F6 /* Debug */,
				13C20626287D0001000EC4F6 /* Release */,
			);
			defaultConfigurationIsVisible = 0;
			defaultConfigurationName = Release;
		};
/* End XCConfigurationList section */
	};
	rootObject = 13C20608287D0000000EC4F6 /* Project object */;
}
